Microsoft Visual Studio Solution File, Format Version 12.00
# Visual Studio Version 17
VisualStudioVersion = 17.5.2.0
MinimumVisualStudioVersion = 10.0.40219.1
Project("{FAE04EC0-301F-11D3-BF4B-00C04F79EFBC}") = "BiblioLinx", "BiblioLinx.csproj", "{3F24EFE4-8589-49AA-34E7-CE1A8F589649}"
EndProject
Global
	GlobalSection(SolutionConfigurationPlatforms) = preSolution
		Debug|Any CPU = Debug|Any CPU
		Release|Any CPU = Release|Any CPU
	EndGlobalSection
	GlobalSection(ProjectConfigurationPlatforms) = postSolution
		{3F24EFE4-8589-49AA-34E7-CE1A8F589649}.Debug|Any CPU.ActiveCfg = Debug|Any CPU
		{3F24EFE4-8589-49AA-34E7-CE1A8F589649}.Debug|Any CPU.Build.0 = Debug|Any CPU
		{3F24EFE4-8589-49AA-34E7-CE1A8F589649}.Release|Any CPU.ActiveCfg = Release|Any CPU
		{3F24EFE4-8589-49AA-34E7-CE1A8F589649}.Release|Any CPU.Build.0 = Release|Any CPU
	EndGlobalSection
	GlobalSection(SolutionProperties) = preSolution
		HideSolutionNode = FALSE
	EndGlobalSection
	GlobalSection(ExtensibilityGlobals) = postSolution
		SolutionGuid = {F708D5D6-BE84-404B-859F-CD994E2449F5}
	EndGlobalSection
EndGlobal
